# @generated by Move, please check-in and do not edit manually.

[move]
version = 3
manifest_digest = "6AFFD229B6623B6723D79BCD24634D50F2BFE64C0364E4B5BDB46E53B2365961"
deps_digest = "F8BBB0CCB2491CA29A3DF03D6F92277A4F3574266507ACD77214D37ECA3F3082"
dependencies = [
  { id = "Sui", name = "Sui" },
]

[[move.package]]
id = "MoveStdlib"
source = { git = "https://github.com/MystenLabs/sui.git", rev = "devnet", subdir = "crates/sui-framework/packages/move-stdlib" }

[[move.package]]
id = "Sui"
source = { git = "https://github.com/MystenLabs/sui.git", rev = "devnet", subdir = "crates/sui-framework/packages/sui-framework" }

dependencies = [
  { id = "MoveStdlib", name = "MoveStdlib" },
]

[move.toolchain-version]
compiler-version = "1.37.3"
edition = "2024.beta"
flavor = "sui"

[env]

[env.testnet]
chain-id = "4c78adac"
original-published-id = "0x9ce015ec14625d2285ed41cb1b4e5621a23c0abc0509a5195dbbccce95f581ce"
latest-published-id = "0x9ce015ec14625d2285ed41cb1b4e5621a23c0abc0509a5195dbbccce95f581ce"
published-version = "1"
